
Microsoft Visual Studio Solution File, Format Version 12.00
# Visual Studio Version 16
VisualStudioVersion = 16.0.31424.327
MinimumVisualStudioVersion = 10.0.40219.1
Project("{9A19103F-16F7-4668-BE54-9A1E7A4F7556}") = "ConroleAcesso", "ConroleAcesso.csproj", "{F3B4F5D8-1B45-4ABB-93E2-5550381EACC7}"
EndProject
Global
	GlobalSection(SolutionConfigurationPlatforms) = preSolution
		Debug|Any CPU = Debug|Any CPU
		Release|Any CPU = Release|Any CPU
	EndGlobalSection
	GlobalSection(ProjectConfigurationPlatforms) = postSolution
		{F3B4F5D8-1B45-4ABB-93E2-5550381EACC7}.Debug|Any CPU.ActiveCfg = Debug|Any CPU
		{F3B4F5D8-1B45-4ABB-93E2-5550381EACC7}.Debug|Any CPU.Build.0 = Debug|Any CPU
		{F3B4F5D8-1B45-4ABB-93E2-5550381EACC7}.Release|Any CPU.ActiveCfg = Release|Any CPU
		{F3B4F5D8-1B45-4ABB-93E2-5550381EACC7}.Release|Any CPU.Build.0 = Release|Any CPU
	EndGlobalSection
	GlobalSection(SolutionProperties) = preSolution
		HideSolutionNode = FALSE
	EndGlobalSection
	GlobalSection(ExtensibilityGlobals) = postSolution
		SolutionGuid = {FDBA9274-B307-421F-8F05-5B9C71625266}
	EndGlobalSection
EndGlobal
